// !$*UTF8*$!
{
	archiveVersion = 1;
	classes = {
	};
	objectVersion = 56;
	objects = {

/* Begin PBXBuildFile section */
		3FE02C8A2BDA579E004E3274 /* BirthdayNoteTakerApp.swift in Sources */ = {isa = PBXBuildFile; fileRef = 3FE02C892BDA579E004E3274 /* BirthdayNoteTakerApp.swift */; };
		3FE02C8C2BDA579E004E3274 /* ContentView.swift in Sources */ = {isa = PBXBuildFile; fileRef = 3FE02C8B2BDA579E004E3274 /* ContentView.swift */; };
		3FE02C8E2BDA579F004E3274 /* Assets.xcassets in Resources */ = {isa = PBXBuildFile; fileRef = 3FE02C8D2BDA579F004E3274 /* Assets.xcassets */; };
		3FE02C912BDA579F004E3274 /* Preview Assets.xcassets in Resources */ = {isa = PBXBuildFile; fileRef = 3FE02C902BDA579F004E3274 /* Preview Assets.xcassets */; };
		3FE02C9B2BDA579F004E3274 /* BirthdayNoteTakerTests.swift in Sources */ = {isa = PBXBuildFile; fileRef = 3FE02C9A2BDA579F004E3274 /* BirthdayNoteTakerTests.swift */; };
		3FE02CA52BDA579F004E3274 /* BirthdayNoteTakerUITests.swift in Sources */ = {isa = PBXBuildFile; fileRef = 3FE02CA42BDA579F004E3274 /* BirthdayNoteTakerUITests.swift */; };
		3FE02CA72BDA579F004E3274 /* BirthdayNoteTakerUITestsLaunchTests.swift in Sources */ = {isa = PBXBuildFile; fileRef = 3FE02CA62BDA579F004E3274 /* BirthdayNoteTakerUITestsLaunchTests.swift */; };
/* End PBXBuildFile section */

/* Begin PBXContainerItemProxy section */
		3FE02C972BDA579F004E3274 /* PBXContainerItemProxy */ = {
			isa = PBXContainerItemProxy;
			containerPortal = 3FE02C7E2BDA579E004E3274 /* Project object */;
			proxyType = 1;
			remoteGlobalIDString = 3FE02C852BDA579E004E3274;
			remoteInfo = BirthdayNoteTaker;
		};
		3FE02CA12BDA579F004E3274 /* PBXContainerItemProxy */ = {
			isa = PBXContainerItemProxy;
			containerPortal = 3FE02C7E2BDA579E004E3274 /* Project object */;
			proxyType = 1;
			remoteGlobalIDString = 3FE02C852BDA579E004E3274;
			remoteInfo = BirthdayNoteTaker;
		};
/* End PBXContainerItemProxy section */

/* Begin PBXFileReference section */
		3FE02C862BDA579E004E3274 /* BirthdayNoteTaker.app */ = {isa = PBXFileReference; explicitFileType = wrapper.application; includeInIndex = 0; path = BirthdayNoteTaker.app; sourceTree = BUILT_PRODUCTS_DIR; };
		3FE02C892BDA579E004E3274 /* BirthdayNoteTakerApp.swift */ = {isa = PBXFileReference; lastKnownFileType = sourcecode.swift; path = BirthdayNoteTakerApp.swift; sourceTree = "<group>"; };
		3FE02C8B2BDA579E004E3274 /* ContentView.swift */ = {isa = PBXFileReference; lastKnownFileType = sourcecode.swift; path = ContentView.swift; sourceTree = "<group>"; };
		3FE02C8D2BDA579F004E3274 /* Assets.xcassets */ = {isa = PBXFileReference; lastKnownFileType = folder.assetcatalog; path = Assets.xcassets; sourceTree = "<group>"; };
		3FE02C902BDA579F004E3274 /* Preview Assets.xcassets */ = {isa = PBXFileReference; lastKnownFileType = folder.assetcatalog; path = "Preview Assets.xcassets"; sourceTree = "<group>"; };
		3FE02C962BDA579F004E3274 /* BirthdayNoteTakerTests.xctest */ = {isa = PBXFileReference; explicitFileType = wrapper.cfbundle; includeInIndex = 0; path = BirthdayNoteTakerTests.xctest; sourceTree = BUILT_PRODUCTS_DIR; };
		3FE02C9A2BDA579F004E3274 /* BirthdayNoteTakerTests.swift */ = {isa = PBXFileReference; lastKnownFileType = sourcecode.swift; path = BirthdayNoteTakerTests.swift; sourceTree = "<group>"; };
		3FE02CA02BDA579F004E3274 /* BirthdayNoteTakerUITests.xctest */ = {isa = PBXFileReference; explicitFileType = wrapper.cfbundle; includeInIndex = 0; path = BirthdayNoteTakerUITests.xctest; sourceTree = BUILT_PRODUCTS_DIR; };
		3FE02CA42BDA579F004E3274 /* BirthdayNoteTakerUITests.swift */ = {isa = PBXFileReference; lastKnownFileType = sourcecode.swift; path = BirthdayNoteTakerUITests.swift; sourceTree = "<group>"; };
		3FE02CA62BDA579F004E3274 /* BirthdayNoteTakerUITestsLaunchTests.swift */ = {isa = PBXFileReference; lastKnownFileType = sourcecode.swift; path = BirthdayNoteTakerUITestsLaunchTests.swift; sourceTree = "<group>"; };
/* End PBXFileReference section */

/* Begin PBXFrameworksBuildPhase section */
		3FE02C832BDA579E004E3274 /* Frameworks */ = {
			isa = PBXFrameworksBuildPhase;
			buildActionMask = 2147483647;
			files = (
			);
			runOnlyForDeploymentPostprocessing = 0;
		};
		3FE02C932BDA579F004E3274 /* Frameworks */ = {
			isa = PBXFrameworksBuildPhase;
			buildActionMask = 2147483647;
			files = (
			);
			runOnlyForDeploymentPostprocessing = 0;
		};
		3FE02C9D2BDA579F004E3274 /* Frameworks */ = {
			isa = PBXFrameworksBuildPhase;
			buildActionMask = 2147483647;
			files = (
			);
			runOnlyForDeploymentPostprocessing = 0;
		};
/* End PBXFrameworksBuildPhase section */

/* Begin PBXGroup section */
		3FE02C7D2BDA579E004E3274 = {
			isa = PBXGroup;
			children = (
				3FE02C882BDA579E004E3274 /* BirthdayNoteTaker */,
				3FE02C992BDA579F004E3274 /* BirthdayNoteTakerTests */,
				3FE02CA32BDA579F004E3274 /* BirthdayNoteTakerUITests */,
				3FE02C872BDA579E004E3274 /* Products */,
			);
			sourceTree = "<group>";
		};
		3FE02C872BDA579E004E3274 /* Products */ = {
			isa = PBXGroup;
			children = (
				3FE02C862BDA579E004E3274 /* BirthdayNoteTaker.app */,
				3FE02C962BDA579F004E3274 /* BirthdayNoteTakerTests.xctest */,
				3FE02CA02BDA579F004E3274 /* BirthdayNoteTakerUITests.xctest */,
			);
			name = Products;
			sourceTree = "<group>";
		};
		3FE02C882BDA579E004E3274 /* BirthdayNoteTaker */ = {
			isa = PBXGroup;
			children = (
				3FE02C892BDA579E004E3274 /* BirthdayNoteTakerApp.swift */,
				3FE02C8B2BDA579E004E3274 /* ContentView.swift */,
				3FE02C8D2BDA579F004E3274 /* Assets.xcassets */,
				3FE02C8F2BDA579F004E3274 /* Preview Content */,
			);
			path = BirthdayNoteTaker;
			sourceTree = "<group>";
		};
		3FE02C8F2BDA579F004E3274 /* Preview Content */ = {
			isa = PBXGroup;
			children = (
				3FE02C902BDA579F004E3274 /* Preview Assets.xcassets */,
			);
			path = "Preview Content";
			sourceTree = "<group>";
		};
		3FE02C992BDA579F004E3274 /* BirthdayNoteTakerTests */ = {
			isa = PBXGroup;
			children = (
				3FE02C9A2BDA579F004E3274 /* BirthdayNoteTakerTests.swift */,
			);
			path = BirthdayNoteTakerTests;
			sourceTree = "<group>";
		};
		3FE02CA32BDA579F004E3274 /* BirthdayNoteTakerUITests */ = {
			isa = PBXGroup;
			children = (
				3FE02CA42BDA579F004E3274 /* BirthdayNoteTakerUITests.swift */,
				3FE02CA62BDA579F004E3274 /* BirthdayNoteTakerUITestsLaunchTests.swift */,
			);
			path = BirthdayNoteTakerUITests;
			sourceTree = "<group>";
		};
/* End PBXGroup section */

/* Begin PBXNativeTarget section */
		3FE02C852BDA579E004E3274 /* BirthdayNoteTaker */ = {
			isa = PBXNativeTarget;
			buildConfigurationList = 3FE02CAA2BDA579F004E3274 /* Build configuration list for PBXNativeTarget "BirthdayNoteTaker" */;
			buildPhases = (
				3FE02C822BDA579E004E3274 /* Sources */,
				3FE02C832BDA579E004E3274 /* Frameworks */,
				3FE02C842BDA579E004E3274 /* Resources */,
			);
			buildRules = (
			);
			dependencies = (
			);
			name = BirthdayNoteTaker;
			productName = BirthdayNoteTaker;
			productReference = 3FE02C862BDA579E004E3274 /* BirthdayNoteTaker.app */;
			productType = "com.apple.product-type.application";
		};
		3FE02C952BDA579F004E3274 /* BirthdayNoteTakerTests */ = {
			isa = PBXNativeTarget;
			buildConfigurationList = 3FE02CAD2BDA579F004E3274 /* Build configuration list for PBXNativeTarget "BirthdayNoteTakerTests" */;
			buildPhases = (
				3FE02C922BDA579F004E3274 /* Sources */,
				3FE02C932BDA579F004E3274 /* Frameworks */,
				3FE02C942BDA579F004E3274 /* Resources */,
			);
			buildRules = (
			);
			dependencies = (
				3FE02C982BDA579F004E3274 /* PBXTargetDependency */,
			);
			name = BirthdayNoteTakerTests;
			productName = BirthdayNoteTakerTests;
			productReference = 3FE02C962BDA579F004E3274 /* BirthdayNoteTakerTests.xctest */;
			productType = "com.apple.product-type.bundle.unit-test";
		};
		3FE02C9F2BDA579F004E3274 /* BirthdayNoteTakerUITests */ = {
			isa = PBXNativeTarget;
			buildConfigurationList = 3FE02CB02BDA579F004E3274 /* Build configuration list for PBXNativeTarget "BirthdayNoteTakerUITests" */;
			buildPhases = (
				3FE02C9C2BDA579F004E3274 /* Sources */,
				3FE02C9D2BDA579F004E3274 /* Frameworks */,
				3FE02C9E2BDA579F004E3274 /* Resources */,
			);
			buildRules = (
			);
			dependencies = (
				3FE02CA22BDA579F004E3274 /* PBXTargetDependency */,
			);
			name = BirthdayNoteTakerUITests;
			productName = BirthdayNoteTakerUITests;
			productReference = 3FE02CA02BDA579F004E3274 /* BirthdayNoteTakerUITests.xctest */;
			productType = "com.apple.product-type.bundle.ui-testing";
		};
/* End PBXNativeTarget section */

/* Begin PBXProject section */
		3FE02C7E2BDA579E004E3274 /* Project object */ = {
			isa = PBXProject;
			attributes = {
				BuildIndependentTargetsInParallel = 1;
				LastSwiftUpdateCheck = 1530;
				LastUpgradeCheck = 1530;
				TargetAttributes = {
					3FE02C852BDA579E004E3274 = {
						CreatedOnToolsVersion = 15.3;
					};
					3FE02C952BDA579F004E3274 = {
						CreatedOnToolsVersion = 15.3;
						TestTargetID = 3FE02C852BDA579E004E3274;
					};
					3FE02C9F2BDA579F004E3274 = {
						CreatedOnToolsVersion = 15.3;
						TestTargetID = 3FE02C852BDA579E004E3274;
					};
				};
			};
			buildConfigurationList = 3FE02C812BDA579E004E3274 /* Build configuration list for PBXProject "BirthdayNoteTaker" */;
			compatibilityVersion = "Xcode 14.0";
			developmentRegion = en;
			hasScannedForEncodings = 0;
			knownRegions = (
				en,
				Base,
			);
			mainGroup = 3FE02C7D2BDA579E004E3274;
			productRefGroup = 3FE02C872BDA579E004E3274 /* Products */;
			projectDirPath = "";
			projectRoot = "";
			targets = (
				3FE02C852BDA579E004E3274 /* BirthdayNoteTaker */,
				3FE02C952BDA579F004E3274 /* BirthdayNoteTakerTests */,
				3FE02C9F2BDA579F004E3274 /* BirthdayNoteTakerUITests */,
			);
		};
/* End PBXProject section */

/* Begin PBXResourcesBuildPhase section */
		3FE02C842BDA579E004E3274 /* Resources */ = {
			isa = PBXResourcesBuildPhase;
			buildActionMask = 2147483647;
			files = (
				3FE02C912BDA579F004E3274 /* Preview Assets.xcassets in Resources */,
				3FE02C8E2BDA579F004E3274 /* Assets.xcassets in Resources */,
			);
			runOnlyForDeploymentPostprocessing = 0;
		};
		3FE02C942BDA579F004E3274 /* Resources */ = {
			isa = PBXResourcesBuildPhase;
			buildActionMask = 2147483647;
			files = (
			);
			runOnlyForDeploymentPostprocessing = 0;
		};
		3FE02C9E2BDA579F004E3274 /* Resources */ = {
			isa = PBXResourcesBuildPhase;
			buildActionMask = 2147483647;
			files = (
			);
			runOnlyForDeploymentPostprocessing = 0;
		};
/* End PBXResourcesBuildPhase section */

/* Begin PBXSourcesBuildPhase section */
		3FE02C822BDA579E004E3274 /* Sources */ = {
			isa = PBXSourcesBuildPhase;
			buildActionMask = 2147483647;
			files = (
				3FE02C8C2BDA579E004E3274 /* ContentView.swift in Sources */,
				3FE02C8A2BDA579E004E3274 /* BirthdayNoteTakerApp.swift in Sources */,
			);
			runOnlyForDeploymentPostprocessing = 0;
		};
		3FE02C922BDA579F004E3274 /* Sources */ = {
			isa = PBXSourcesBuildPhase;
			buildActionMask = 2147483647;
			files = (
				3FE02C9B2BDA579F004E3274 /* BirthdayNoteTakerTests.swift in Sources */,
			);
			runOnlyForDeploymentPostprocessing = 0;
		};
		3FE02C9C2BDA579F004E3274 /* Sources */ = {
			isa = PBXSourcesBuildPhase;
			buildActionMask = 2147483647;
			files = (
				3FE02CA52BDA579F004E3274 /* BirthdayNoteTakerUITests.swift in Sources */,
				3FE02CA72BDA579F004E3274 /* BirthdayNoteTakerUITestsLaunchTests.swift in Sources */,
			);
			runOnlyForDeploymentPostprocessing = 0;
		};
/* End PBXSourcesBuildPhase section */

/* Begin PBXTargetDependency section */
		3FE02C982BDA579F004E3274 /* PBXTargetDependency */ = {
			isa = PBXTargetDependency;
			target = 3FE02C852BDA579E004E3274 /* BirthdayNoteTaker */;
			targetProxy = 3FE02C972BDA579F004E3274 /* PBXContainerItemProxy */;
		};
		3FE02CA22BDA579F004E3274 /* PBXTargetDependency */ = {
			isa = PBXTargetDependency;
			target = 3FE02C852BDA579E004E3274 /* BirthdayNoteTaker */;
			targetProxy = 3FE02CA12BDA579F004E3274 /* PBXContainerItemProxy */;
		};
/* End PBXTargetDependency section */

/* Begin XCBuildConfiguration section */
		3FE02CA82BDA579F004E3274 /* Debug */ = {
			isa = XCBuildConfiguration;
			buildSettings = {
				ALWAYS_SEARCH_USER_PATHS = NO;
				ASSETCATALOG_COMPILER_GENERATE_SWIFT_ASSET_SYMBOL_EXTENSIONS = YES;
				CLANG_ANALYZER_NONNULL = YES;
				CLANG_ANALYZER_NUMBER_OBJECT_CONVERSION = YES_AGGRESSIVE;
				CLANG_CXX_LANGUAGE_STANDARD = "gnu++20";
				CLANG_ENABLE_MODULES = YES;
				CLANG_ENABLE_OBJC_ARC = YES;
				CLANG_ENABLE_OBJC_WEAK = YES;
				CLANG_WARN_BLOCK_CAPTURE_AUTORELEASING = YES;
				CLANG_WARN_BOOL_CONVERSION = YES;
				CLANG_WARN_COMMA = YES;
				CLANG_WARN_CONSTANT_CONVERSION = YES;
				CLANG_WARN_DEPRECATED_OBJC_IMPLEMENTATIONS = YES;
				CLANG_WARN_DIRECT_OBJC_ISA_USAGE = YES_ERROR;
				CLANG_WARN_DOCUMENTATION_COMMENTS = YES;
				CLANG_WARN_EMPTY_BODY = YES;
				CLANG_WARN_ENUM_CONVERSION = YES;
				CLANG_WARN_INFINITE_RECURSION = YES;
				CLANG_WARN_INT_CONVERSION = YES;
				CLANG_WARN_NON_LITERAL_NULL_CONVERSION = YES;
				CLANG_WARN_OBJC_IMPLICIT_RETAIN_SELF = YES;
				CLANG_WARN_OBJC_LITERAL_CONVERSION = YES;
				CLANG_WARN_OBJC_ROOT_CLASS = YES_ERROR;
				CLANG_WARN_QUOTED_INCLUDE_IN_FRAMEWORK_HEADER = YES;
				CLANG_WARN_RANGE_LOOP_ANALYSIS = YES;
				CLANG_WARN_STRICT_PROTOTYPES = YES;
				CLANG_WARN_SUSPICIOUS_MOVE = YES;
				CLANG_WARN_UNGUARDED_AVAILABILITY = YES_AGGRESSIVE;
				CLANG_WARN_UNREACHABLE_CODE = YES;
				CLANG_WARN__DUPLICATE_METHOD_MATCH = YES;
				COPY_PHASE_STRIP = NO;
				DEBUG_INFORMATION_FORMAT = dwarf;
				ENABLE_STRICT_OBJC_MSGSEND = YES;
				ENABLE_TESTABILITY = YES;
				ENABLE_USER_SCRIPT_SANDBOXING = YES;
				GCC_C_LANGUAGE_STANDARD = gnu17;
				GCC_DYNAMIC_NO_PIC = NO;
				GCC_NO_COMMON_BLOCKS = YES;
				GCC_OPTIMIZATION_LEVEL = 0;
				GCC_PREPROCESSOR_DEFINITIONS = (
					"DEBUG=1",
					"$(inherited)",
				);
				GCC_WARN_64_TO_32_BIT_CONVERSION = YES;
				GCC_WARN_ABOUT_RETURN_TYPE = YES_ERROR;
				GCC_WARN_UNDECLARED_SELECTOR = YES;
				GCC_WARN_UNINITIALIZED_AUTOS = YES_AGGRESSIVE;
				GCC_WARN_UNUSED_FUNCTION = YES;
				GCC_WARN_UNUSED_VARIABLE = YES;
				IPHONEOS_DEPLOYMENT_TARGET = 17.4;
				LOCALIZATION_PREFERS_STRING_CATALOGS = YES;
				MTL_ENABLE_DEBUG_INFO = INCLUDE_SOURCE;
				MTL_FAST_MATH = YES;
				ONLY_ACTIVE_ARCH = YES;
				SDKROOT = iphoneos;
				SWIFT_ACTIVE_COMPILATION_CONDITIONS = "DEBUG $(inherited)";
				SWIFT_OPTIMIZATION_LEVEL = "-Onone";
			};
			name = Debug;
		};
		3FE02CA92BDA579F004E3274 /* Release */ = {
			isa = XCBuildConfiguration;
			buildSettings = {
				ALWAYS_SEARCH_USER_PATHS = NO;
				ASSETCATALOG_COMPILER_GENERATE_SWIFT_ASSET_SYMBOL_EXTENSIONS = YES;
				CLANG_ANALYZER_NONNULL = YES;
				CLANG_ANALYZER_NUMBER_OBJECT_CONVERSION = YES_AGGRESSIVE;
				CLANG_CXX_LANGUAGE_STANDARD = "gnu++20";
				CLANG_ENABLE_MODULES = YES;
				CLANG_ENABLE_OBJC_ARC = YES;
				CLANG_ENABLE_OBJC_WEAK = YES;
				CLANG_WARN_BLOCK_CAPTURE_AUTORELEASING = YES;
				CLANG_WARN_BOOL_CONVERSION = YES;
				CLANG_WARN_COMMA = YES;
				CLANG_WARN_CONSTANT_CONVERSION = YES;
				CLANG_WARN_DEPRECATED_OBJC_IMPLEMENTATIONS = YES;
				CLANG_WARN_DIRECT_OBJC_ISA_USAGE = YES_ERROR;
				CLANG_WARN_DOCUMENTATION_COMMENTS = YES;
				CLANG_WARN_EMPTY_BODY = YES;
				CLANG_WARN_ENUM_CONVERSION = YES;
				CLANG_WARN_INFINITE_RECURSION = YES;
				CLANG_WARN_INT_CONVERSION = YES;
				CLANG_WARN_NON_LITERAL_NULL_CONVERSION = YES;
				CLANG_WARN_OBJC_IMPLICIT_RETAIN_SELF = YES;
				CLANG_WARN_OBJC_LITERAL_CONVERSION = YES;
				CLANG_WARN_OBJC_ROOT_CLASS = YES_ERROR;
				CLANG_WARN_QUOTED_INCLUDE_IN_FRAMEWORK_HEADER = YES;
				CLANG_WARN_RANGE_LOOP_ANALYSIS = YES;
				CLANG_WARN_STRICT_PROTOTYPES = YES;
				CLANG_WARN_SUSPICIOUS_MOVE = YES;
				CLANG_WARN_UNGUARDED_AVAILABILITY = YES_AGGRESSIVE;
				CLANG_WARN_UNREACHABLE_CODE = YES;
				CLANG_WARN__DUPLICATE_METHOD_MATCH = YES;
				COPY_PHASE_STRIP = NO;
				DEBUG_INFORMATION_FORMAT = "dwarf-with-dsym";
				ENABLE_NS_ASSERTIONS = NO;
				ENABLE_STRICT_OBJC_MSGSEND = YES;
				ENABLE_USER_SCRIPT_SANDBOXING = YES;
				GCC_C_LANGUAGE_STANDARD = gnu17;
				GCC_NO_COMMON_BLOCKS = YES;
				GCC_WARN_64_TO_32_BIT_CONVERSION = YES;
				GCC_WARN_ABOUT_RETURN_TYPE = YES_ERROR;
				GCC_WARN_UNDECLARED_SELECTOR = YES;
				GCC_WARN_UNINITIALIZED_AUTOS = YES_AGGRESSIVE;
				GCC_WARN_UNUSED_FUNCTION = YES;
				GCC_WARN_UNUSED_VARIABLE = YES;
				IPHONEOS_DEPLOYMENT_TARGET = 17.4;
				LOCALIZATION_PREFERS_STRING_CATALOGS = YES;
				MTL_ENABLE_DEBUG_INFO = NO;
				MTL_FAST_MATH = YES;
				SDKROOT = iphoneos;
				SWIFT_COMPILATION_MODE = wholemodule;
				VALIDATE_PRODUCT = YES;
			};
			name = Release;
		};
		3FE02CAB2BDA579F004E3274 /* Debug */ = {
			isa = XCBuildConfiguration;
			buildSettings = {
				ASSETCATALOG_COMPILER_APPICON_NAME = AppIcon;
				ASSETCATALOG_COMPILER_GLOBAL_ACCENT_COLOR_NAME = AccentColor;
				CODE_SIGN_STYLE = Automatic;
				CURRENT_PROJECT_VERSION = 1;
				DEVELOPMENT_ASSET_PATHS = "\"BirthdayNoteTaker/Preview Content\"";
				DEVELOPMENT_TEAM = 28LRR9Q73G;
				ENABLE_PREVIEWS = YES;
				GENERATE_INFOPLIST_FILE = YES;
				INFOPLIST_KEY_UIApplicationSceneManifest_Generation = YES;
				INFOPLIST_KEY_UIApplicationSupportsIndirectInputEvents = YES;
				INFOPLIST_KEY_UILaunchScreen_Generation = YES;
				INFOPLIST_KEY_UISupportedInterfaceOrientations_iPad = "UIInterfaceOrientationPortrait UIInterfaceOrientationPortraitUpsideDown UIInterfaceOrientationLandscapeLeft UIInterfaceOrientationLandscapeRight";
				INFOPLIST_KEY_UISupportedInterfaceOrientations_iPhone = "UIInterfaceOrientationPortrait UIInterfaceOrientationLandscapeLeft UIInterfaceOrientationLandscapeRight";
				LD_RUNPATH_SEARCH_PATHS = (
					"$(inherited)",
					"@executable_path/Frameworks",
				);
				MARKETING_VERSION = 1.0;
				PRODUCT_BUNDLE_IDENTIFIER = "yunus-emre-fakiroglu.BirthdayNoteTaker";
				PRODUCT_NAME = "$(TARGET_NAME)";
				SWIFT_EMIT_LOC_STRINGS = YES;
				SWIFT_VERSION = 5.0;
				TARGETED_DEVICE_FAMILY = "1,2";
			};
			name = Debug;
		};
		3FE02CAC2BDA579F004E3274 /* Release */ = {
			isa = XCBuildConfiguration;
			buildSettings = {
				ASSETCATALOG_COMPILER_APPICON_NAME = AppIcon;
				ASSETCATALOG_COMPILER_GLOBAL_ACCENT_COLOR_NAME = AccentColor;
				CODE_SIGN_STYLE = Automatic;
				CURRENT_PROJECT_VERSION = 1;
				DEVELOPMENT_ASSET_PATHS = "\"BirthdayNoteTaker/Preview Content\"";
				DEVELOPMENT_TEAM = 28LRR9Q73G;
				ENABLE_PREVIEWS = YES;
				GENERATE_INFOPLIST_FILE = YES;
				INFOPLIST_KEY_UIApplicationSceneManifest_Generation = YES;
				INFOPLIST_KEY_UIApplicationSupportsIndirectInputEvents = YES;
				INFOPLIST_KEY_UILaunchScreen_Generation = YES;
				INFOPLIST_KEY_UISupportedInterfaceOrientations_iPad = "UIInterfaceOrientationPortrait UIInterfaceOrientationPortraitUpsideDown UIInterfaceOrientationLandscapeLeft UIInterfaceOrientationLandscapeRight";
				INFOPLIST_KEY_UISupportedInterfaceOrientations_iPhone = "UIInterfaceOrientationPortrait UIInterfaceOrientationLandscapeLeft UIInterfaceOrientationLandscapeRight";
				LD_RUNPATH_SEARCH_PATHS = (
					"$(inherited)",
					"@executable_path/Frameworks",
				);
				MARKETING_VERSION = 1.0;
				PRODUCT_BUNDLE_IDENTIFIER = "yunus-emre-fakiroglu.BirthdayNoteTaker";
				PRODUCT_NAME = "$(TARGET_NAME)";
				SWIFT_EMIT_LOC_STRINGS = YES;
				SWIFT_VERSION = 5.0;
				TARGETED_DEVICE_FAMILY = "1,2";
			};
			name = Release;
		};
		3FE02CAE2BDA579F004E3274 /* Debug */ = {
			isa = XCBuildConfiguration;
			buildSettings = {
				ALWAYS_EMBED_SWIFT_STANDARD_LIBRARIES = YES;
				BUNDLE_LOADER = "$(TEST_HOST)";
				CODE_SIGN_STYLE = Automatic;
				CURRENT_PROJECT_VERSION = 1;
				DEVELOPMENT_TEAM = 28LRR9Q73G;
				GENERATE_INFOPLIST_FILE = YES;
				IPHONEOS_DEPLOYMENT_TARGET = 17.4;
				MARKETING_VERSION = 1.0;
				PRODUCT_BUNDLE_IDENTIFIER = "yunus-emre-fakiroglu.BirthdayNoteTakerTests";
				PRODUCT_NAME = "$(TARGET_NAME)";
				SWIFT_EMIT_LOC_STRINGS = NO;
				SWIFT_VERSION = 5.0;
				TARGETED_DEVICE_FAMILY = "1,2";
				TEST_HOST = "$(BUILT_PRODUCTS_DIR)/BirthdayNoteTaker.app/$(BUNDLE_EXECUTABLE_FOLDER_PATH)/BirthdayNoteTaker";
			};
			name = Debug;
		};
		3FE02CAF2BDA579F004E3274 /* Release */ = {
			isa = XCBuildConfiguration;
			buildSettings = {
				ALWAYS_EMBED_SWIFT_STANDARD_LIBRARIES = YES;
				BUNDLE_LOADER = "$(TEST_HOST)";
				CODE_SIGN_STYLE = Automatic;
				CURRENT_PROJECT_VERSION = 1;
				DEVELOPMENT_TEAM = 28LRR9Q73G;
				GENERATE_INFOPLIST_FILE = YES;
				IPHONEOS_DEPLOYMENT_TARGET = 17.4;
				MARKETING_VERSION = 1.0;
				PRODUCT_BUNDLE_IDENTIFIER = "yunus-emre-fakiroglu.BirthdayNoteTakerTests";
				PRODUCT_NAME = "$(TARGET_NAME)";
				SWIFT_EMIT_LOC_STRINGS = NO;
				SWIFT_VERSION = 5.0;
				TARGETED_DEVICE_FAMILY = "1,2";
				TEST_HOST = "$(BUILT_PRODUCTS_DIR)/BirthdayNoteTaker.app/$(BUNDLE_EXECUTABLE_FOLDER_PATH)/BirthdayNoteTaker";
			};
			name = Release;
		};
		3FE02CB12BDA579F004E3274 /* Debug */ = {
			isa = XCBuildConfiguration;
			buildSettings = {
				ALWAYS_EMBED_SWIFT_STANDARD_LIBRARIES = YES;
				CODE_SIGN_STYLE = Automatic;
				CURRENT_PROJECT_VERSION = 1;
				DEVELOPMENT_TEAM = 28LRR9Q73G;
				GENERATE_INFOPLIST_FILE = YES;
				MARKETING_VERSION = 1.0;
				PRODUCT_BUNDLE_IDENTIFIER = "yunus-emre-fakiroglu.BirthdayNoteTakerUITests";
				PRODUCT_NAME = "$(TARGET_NAME)";
				SWIFT_EMIT_LOC_STRINGS = NO;
				SWIFT_VERSION = 5.0;
				TARGETED_DEVICE_FAMILY = "1,2";
				TEST_TARGET_NAME = BirthdayNoteTaker;
			};
			name = Debug;
		};
		3FE02CB22BDA579F004E3274 /* Release */ = {
			isa = XCBuildConfiguration;
			buildSettings = {
				ALWAYS_EMBED_SWIFT_STANDARD_LIBRARIES = YES;
				CODE_SIGN_STYLE = Automatic;
				CURRENT_PROJECT_VERSION = 1;
				DEVELOPMENT_TEAM = 28LRR9Q73G;
				GENERATE_INFOPLIST_FILE = YES;
				MARKETING_VERSION = 1.0;
				PRODUCT_BUNDLE_IDENTIFIER = "yunus-emre-fakiroglu.BirthdayNoteTakerUITests";
				PRODUCT_NAME = "$(TARGET_NAME)";
				SWIFT_EMIT_LOC_STRINGS = NO;
				SWIFT_VERSION = 5.0;
				TARGETED_DEVICE_FAMILY = "1,2";
				TEST_TARGET_NAME = BirthdayNoteTaker;
			};
			name = Release;
		};
/* End XCBuildConfiguration section */

/* Begin XCConfigurationList section */
		3FE02C812BDA579E004E3274 /* Build configuration list for PBXProject "BirthdayNoteTaker" */ = {
			isa = XCConfigurationList;
			buildConfigurations = (
				3FE02CA82BDA579F004E3274 /* Debug */,
				3FE02CA92BDA579F004E3274 /* Release */,
			);
			defaultConfigurationIsVisible = 0;
			defaultConfigurationName = Release;
		};
		3FE02CAA2BDA579F004E3274 /* Build configuration list for PBXNativeTarget "BirthdayNoteTaker" */ = {
			isa = XCConfigurationList;
			buildConfigurations = (
				3FE02CAB2BDA579F004E3274 /* Debug */,
				3FE02CAC2BDA579F004E3274 /* Release */,
			);
			defaultConfigurationIsVisible = 0;
			defaultConfigurationName = Release;
		};
		3FE02CAD2BDA579F004E3274 /* Build configuration list for PBXNativeTarget "BirthdayNoteTakerTests" */ = {
			isa = XCConfigurationList;
			buildConfigurations = (
				3FE02CAE2BDA579F004E3274 /* Debug */,
				3FE02CAF2BDA579F004E3274 /* Release */,
			);
			defaultConfigurationIsVisible = 0;
			defaultConfigurationName = Release;
		};
		3FE02CB02BDA579F004E3274 /* Build configuration list for PBXNativeTarget "BirthdayNoteTakerUITests" */ = {
			isa = XCConfigurationList;
			buildConfigurations = (
				3FE02CB12BDA579F004E3274 /* Debug */,
				3FE02CB22BDA579F004E3274 /* Release */,
			);
			defaultConfigurationIsVisible = 0;
			defaultConfigurationName = Release;
		};
/* End XCConfigurationList section */
	};
	rootObject = 3FE02C7E2BDA579E004E3274 /* Project object */;
}
